
Microsoft Visual Studio Solution File, Format Version 12.00
# Visual Studio 15
VisualStudioVersion = 15.0.28307.438
MinimumVisualStudioVersion = 10.0.40219.1
Project("{8BC9CEB8-8B4A-11D0-8D11-00A0C91BC942}") = "CUDA_IID_PERM", "CUDA_IID_PERM\CUDA_IID_PERM.vcxproj", "{E9DC2695-2680-44BF-9145-CDEEF6797A9D}"
EndProject
Global
	GlobalSection(SolutionConfigurationPlatforms) = preSolution
		Debug|x64 = Debug|x64
		Release|x64 = Release|x64
	EndGlobalSection
	GlobalSection(ProjectConfigurationPlatforms) = postSolution
		{E9DC2695-2680-44BF-9145-CDEEF6797A9D}.Debug|x64.ActiveCfg = Debug|x64
		{E9DC2695-2680-44BF-9145-CDEEF6797A9D}.Debug|x64.Build.0 = Debug|x64
		{E9DC2695-2680-44BF-9145-CDEEF6797A9D}.Release|x64.ActiveCfg = Release|x64
		{E9DC2695-2680-44BF-9145-CDEEF6797A9D}.Release|x64.Build.0 = Release|x64
	EndGlobalSection
	GlobalSection(SolutionProperties) = preSolution
		HideSolutionNode = FALSE
	EndGlobalSection
	GlobalSection(ExtensibilityGlobals) = postSolution
		SolutionGuid = {D2895506-DF20-4A7D-901E-5FF8E47DF282}
	EndGlobalSection
EndGlobal
