
Microsoft Visual Studio Solution File, Format Version 12.00
# Visual Studio 15
VisualStudioVersion = 15.0.28307.438
MinimumVisualStudioVersion = 10.0.40219.1
Project("{8BC9CEB8-8B4A-11D0-8D11-00A0C91BC942}") = "cuda_iid", "cuda_iid\cuda_iid.vcxproj", "{9F323482-44C5-413A-AD9C-FA8D53DBAAF7}"
EndProject
Global
	GlobalSection(SolutionConfigurationPlatforms) = preSolution
		Debug|x64 = Debug|x64
		Release|x64 = Release|x64
	EndGlobalSection
	GlobalSection(ProjectConfigurationPlatforms) = postSolution
		{9F323482-44C5-413A-AD9C-FA8D53DBAAF7}.Debug|x64.ActiveCfg = Debug|x64
		{9F323482-44C5-413A-AD9C-FA8D53DBAAF7}.Debug|x64.Build.0 = Debug|x64
		{9F323482-44C5-413A-AD9C-FA8D53DBAAF7}.Release|x64.ActiveCfg = Release|x64
		{9F323482-44C5-413A-AD9C-FA8D53DBAAF7}.Release|x64.Build.0 = Release|x64
	EndGlobalSection
	GlobalSection(SolutionProperties) = preSolution
		HideSolutionNode = FALSE
	EndGlobalSection
	GlobalSection(ExtensibilityGlobals) = postSolution
		SolutionGuid = {81321BC5-3CEE-4921-8BBF-A3AB21D296EC}
	EndGlobalSection
EndGlobal
